
Microsoft Visual Studio Solution File, Format Version 12.00
# Visual Studio Version 17
VisualStudioVersion = 17.4.33205.214
MinimumVisualStudioVersion = 10.0.40219.1
Project("{FAE04EC0-301F-11D3-BF4B-00C04F79EFBC}") = "DriveNow", "DriveNow\DriveNow.csproj", "{5F7CADDF-1122-418D-89A2-F43984ABD750}"
EndProject
Global
	GlobalSection(SolutionConfigurationPlatforms) = preSolution
		Debug|Any CPU = Debug|Any CPU
		Release|Any CPU = Release|Any CPU
	EndGlobalSection
	GlobalSection(ProjectConfigurationPlatforms) = postSolution
		{5F7CADDF-1122-418D-89A2-F43984ABD750}.Debug|Any CPU.ActiveCfg = Debug|Any CPU
		{5F7CADDF-1122-418D-89A2-F43984ABD750}.Debug|Any CPU.Build.0 = Debug|Any CPU
		{5F7CADDF-1122-418D-89A2-F43984ABD750}.Release|Any CPU.ActiveCfg = Release|Any CPU
		{5F7CADDF-1122-418D-89A2-F43984ABD750}.Release|Any CPU.Build.0 = Release|Any CPU
	EndGlobalSection
	GlobalSection(SolutionProperties) = preSolution
		HideSolutionNode = FALSE
	EndGlobalSection
	GlobalSection(ExtensibilityGlobals) = postSolution
		SolutionGuid = {25378758-50AE-48D8-8E4E-4669B2581700}
	EndGlobalSection
EndGlobal
